// !$*UTF8*$!
{
	archiveVersion = 1;
	classes = {
	};
	objectVersion = 55;
	objects = {

/* Begin PBXBuildFile section */
		52F8CD6327D2CE36005375C0 /* minimal.cpp in Sources */ = {isa = PBXBuildFile; fileRef = 52F8CD6027D2CE36005375C0 /* minimal.cpp */; };
		52F8CD6627D2CED7005375C0 /* libwx_osx_cocoa.dylib in Frameworks */ = {isa = PBXBuildFile; fileRef = 52F8CD6527D2CED7005375C0 /* libwx_osx_cocoa.dylib */; };
/* End PBXBuildFile section */

/* Begin PBXCopyFilesBuildPhase section */
		52F8CD5227D2CDC9005375C0 /* CopyFiles */ = {
			isa = PBXCopyFilesBuildPhase;
			buildActionMask = 2147483647;
			dstPath = /usr/share/man/man1/;
			dstSubfolderSpec = 0;
			files = (
			);
			runOnlyForDeploymentPostprocessing = 1;
		};
/* End PBXCopyFilesBuildPhase section */

/* Begin PBXFileReference section */
		52F8CD5427D2CDC9005375C0 /* Dynamic */ = {isa = PBXFileReference; explicitFileType = "compiled.mach-o.executable"; includeInIndex = 0; path = Dynamic; sourceTree = BUILT_PRODUCTS_DIR; };
		52F8CD5E27D2CE36005375C0 /* Info_cocoa.plist */ = {isa = PBXFileReference; fileEncoding = 4; lastKnownFileType = text.plist.xml; path = Info_cocoa.plist; sourceTree = "<group>"; };
		52F8CD5F27D2CE36005375C0 /* wxcocoa.xcconfig */ = {isa = PBXFileReference; fileEncoding = 4; lastKnownFileType = text.xcconfig; path = wxcocoa.xcconfig; sourceTree = "<group>"; };
		52F8CD6027D2CE36005375C0 /* minimal.cpp */ = {isa = PBXFileReference; fileEncoding = 4; lastKnownFileType = sourcecode.cpp.cpp; path = minimal.cpp; sourceTree = "<group>"; };
		52F8CD6127D2CE36005375C0 /* wxrelease.xcconfig */ = {isa = PBXFileReference; fileEncoding = 4; lastKnownFileType = text.xcconfig; path = wxrelease.xcconfig; sourceTree = "<group>"; };
		52F8CD6227D2CE36005375C0 /* wxdebug.xcconfig */ = {isa = PBXFileReference; fileEncoding = 4; lastKnownFileType = text.xcconfig; path = wxdebug.xcconfig; sourceTree = "<group>"; };
		52F8CD6527D2CED7005375C0 /* libwx_osx_cocoa.dylib */ = {isa = PBXFileReference; lastKnownFileType = "compiled.mach-o.dylib"; name = libwx_osx_cocoa.dylib; path = ../../../../Desktop/libwx_osx_cocoa.dylib; sourceTree = "<group>"; };
/* End PBXFileReference section */

/* Begin PBXFrameworksBuildPhase section */
		52F8CD5127D2CDC9005375C0 /* Frameworks */ = {
			isa = PBXFrameworksBuildPhase;
			buildActionMask = 2147483647;
			files = (
				52F8CD6627D2CED7005375C0 /* libwx_osx_cocoa.dylib in Frameworks */,
			);
			runOnlyForDeploymentPostprocessing = 0;
		};
/* End PBXFrameworksBuildPhase section */

/* Begin PBXGroup section */
		52F8CD4B27D2CDC9005375C0 = {
			isa = PBXGroup;
			children = (
				52F8CD5E27D2CE36005375C0 /* Info_cocoa.plist */,
				52F8CD6027D2CE36005375C0 /* minimal.cpp */,
				52F8CD5F27D2CE36005375C0 /* wxcocoa.xcconfig */,
				52F8CD6227D2CE36005375C0 /* wxdebug.xcconfig */,
				52F8CD6127D2CE36005375C0 /* wxrelease.xcconfig */,
				52F8CD5527D2CDC9005375C0 /* Products */,
				52F8CD6427D2CED7005375C0 /* Frameworks */,
			);
			sourceTree = "<group>";
		};
		52F8CD5527D2CDC9005375C0 /* Products */ = {
			isa = PBXGroup;
			children = (
				52F8CD5427D2CDC9005375C0 /* Dynamic */,
			);
			name = Products;
			sourceTree = "<group>";
		};
		52F8CD6427D2CED7005375C0 /* Frameworks */ = {
			isa = PBXGroup;
			children = (
				52F8CD6527D2CED7005375C0 /* libwx_osx_cocoa.dylib */,
			);
			name = Frameworks;
			sourceTree = "<group>";
		};
/* End PBXGroup section */

/* Begin PBXNativeTarget section */
		52F8CD5327D2CDC9005375C0 /* Dynamic */ = {
			isa = PBXNativeTarget;
			buildConfigurationList = 52F8CD5B27D2CDC9005375C0 /* Build configuration list for PBXNativeTarget "Dynamic" */;
			buildPhases = (
				52F8CD5027D2CDC9005375C0 /* Sources */,
				52F8CD5127D2CDC9005375C0 /* Frameworks */,
				52F8CD5227D2CDC9005375C0 /* CopyFiles */,
			);
			buildRules = (
			);
			dependencies = (
			);
			name = Dynamic;
			productName = "Sight Reduction App";
			productReference = 52F8CD5427D2CDC9005375C0 /* Dynamic */;
			productType = "com.apple.product-type.tool";
		};
/* End PBXNativeTarget section */

/* Begin PBXProject section */
		52F8CD4C27D2CDC9005375C0 /* Project object */ = {
			isa = PBXProject;
			attributes = {
				BuildIndependentTargetsInParallel = 1;
				LastUpgradeCheck = 1320;
				TargetAttributes = {
					52F8CD5327D2CDC9005375C0 = {
						CreatedOnToolsVersion = 13.2.1;
					};
				};
			};
			buildConfigurationList = 52F8CD4F27D2CDC9005375C0 /* Build configuration list for PBXProject "Sight Reduction App" */;
			compatibilityVersion = "Xcode 13.0";
			developmentRegion = en;
			hasScannedForEncodings = 0;
			knownRegions = (
				en,
				Base,
			);
			mainGroup = 52F8CD4B27D2CDC9005375C0;
			productRefGroup = 52F8CD5527D2CDC9005375C0 /* Products */;
			projectDirPath = "";
			projectRoot = "";
			targets = (
				52F8CD5327D2CDC9005375C0 /* Dynamic */,
			);
		};
/* End PBXProject section */

/* Begin PBXSourcesBuildPhase section */
		52F8CD5027D2CDC9005375C0 /* Sources */ = {
			isa = PBXSourcesBuildPhase;
			buildActionMask = 2147483647;
			files = (
				52F8CD6327D2CE36005375C0 /* minimal.cpp in Sources */,
			);
			runOnlyForDeploymentPostprocessing = 0;
		};
/* End PBXSourcesBuildPhase section */

/* Begin XCBuildConfiguration section */
		52F8CD5927D2CDC9005375C0 /* Debug */ = {
			isa = XCBuildConfiguration;
			baseConfigurationReference = 52F8CD6227D2CE36005375C0 /* wxdebug.xcconfig */;
			buildSettings = {
				ALWAYS_SEARCH_USER_PATHS = YES;
				CLANG_ANALYZER_NONNULL = YES;
				CLANG_ANALYZER_NUMBER_OBJECT_CONVERSION = YES_AGGRESSIVE;
				CLANG_CXX_LANGUAGE_STANDARD = "compiler-default";
				CLANG_CXX_LIBRARY = "libstdc++";
				CLANG_ENABLE_MODULES = YES;
				CLANG_ENABLE_OBJC_ARC = YES;
				CLANG_ENABLE_OBJC_WEAK = YES;
				CLANG_WARN_BLOCK_CAPTURE_AUTORELEASING = YES;
				CLANG_WARN_BOOL_CONVERSION = YES;
				CLANG_WARN_COMMA = YES;
				CLANG_WARN_CONSTANT_CONVERSION = YES;
				CLANG_WARN_DEPRECATED_OBJC_IMPLEMENTATIONS = YES;
				CLANG_WARN_DIRECT_OBJC_ISA_USAGE = YES_ERROR;
				CLANG_WARN_DOCUMENTATION_COMMENTS = YES;
				CLANG_WARN_EMPTY_BODY = YES;
				CLANG_WARN_ENUM_CONVERSION = YES;
				CLANG_WARN_INFINITE_RECURSION = YES;
				CLANG_WARN_INT_CONVERSION = YES;
				CLANG_WARN_NON_LITERAL_NULL_CONVERSION = YES;
				CLANG_WARN_OBJC_IMPLICIT_RETAIN_SELF = YES;
				CLANG_WARN_OBJC_LITERAL_CONVERSION = YES;
				CLANG_WARN_OBJC_ROOT_CLASS = YES_ERROR;
				CLANG_WARN_QUOTED_INCLUDE_IN_FRAMEWORK_HEADER = YES;
				CLANG_WARN_RANGE_LOOP_ANALYSIS = YES;
				CLANG_WARN_STRICT_PROTOTYPES = YES;
				CLANG_WARN_SUSPICIOUS_MOVE = YES;
				CLANG_WARN_UNGUARDED_AVAILABILITY = YES_AGGRESSIVE;
				CLANG_WARN_UNREACHABLE_CODE = YES;
				CLANG_WARN__DUPLICATE_METHOD_MATCH = YES;
				COPY_PHASE_STRIP = NO;
				DEBUG_INFORMATION_FORMAT = dwarf;
				ENABLE_STRICT_OBJC_MSGSEND = YES;
				ENABLE_TESTABILITY = YES;
				GCC_C_LANGUAGE_STANDARD = c99;
				GCC_DYNAMIC_NO_PIC = NO;
				GCC_NO_COMMON_BLOCKS = YES;
				GCC_OPTIMIZATION_LEVEL = 0;
				GCC_PREFIX_HEADER = "$(WXROOT)/include/wx/wxprec.h";
				GCC_PREPROCESSOR_DEFINITIONS = "$(WX_PREPROCESSOR_DEFINITIONS)";
				GCC_WARN_64_TO_32_BIT_CONVERSION = YES;
				GCC_WARN_ABOUT_RETURN_TYPE = YES_ERROR;
				GCC_WARN_UNDECLARED_SELECTOR = YES;
				GCC_WARN_UNINITIALIZED_AUTOS = YES_AGGRESSIVE;
				GCC_WARN_UNUSED_FUNCTION = YES;
				GCC_WARN_UNUSED_VARIABLE = YES;
				HEADER_SEARCH_PATHS = (
					"$(WXROOT)/include",
					"$(WXROOT)/build/osx/setup/cocoa/include",
				);
				MACOSX_DEPLOYMENT_TARGET = 12.1;
				MTL_ENABLE_DEBUG_INFO = INCLUDE_SOURCE;
				MTL_FAST_MATH = YES;
				ONLY_ACTIVE_ARCH = YES;
				OTHER_LDFLAGS = (
					"$(OTHER_LDFLAGS)",
					"-lz",
				);
				SDKROOT = macosx;
				WXPLATFORM = "__WXOSX_$(WXTOOLKITUPPER)__";
				WXROOT = "/Applications/wxWidgets-3.1.5";
				WX_PREPROCESSOR_DEFINITIONS = "WXBUILDING $(WXPLATFORM) __WX__ _FILE_OFFSET_BITS=64 _LARGE_FILES MACOS_CLASSIC __WXMAC_XCODE__=1 SCI_LEXER NO_CXX11_REGEX WX_PRECOMP=1 wxUSE_UNICODE_UTF8=0 wxUSE_UNICODE_WCHAR=1";
			};
			name = Debug;
		};
		52F8CD5A27D2CDC9005375C0 /* Release */ = {
			isa = XCBuildConfiguration;
			baseConfigurationReference = 52F8CD6127D2CE36005375C0 /* wxrelease.xcconfig */;
			buildSettings = {
				ALWAYS_SEARCH_USER_PATHS = YES;
				CLANG_ANALYZER_NONNULL = YES;
				CLANG_ANALYZER_NUMBER_OBJECT_CONVERSION = YES_AGGRESSIVE;
				CLANG_CXX_LANGUAGE_STANDARD = "compiler-default";
				CLANG_CXX_LIBRARY = "libstdc++";
				CLANG_ENABLE_MODULES = YES;
				CLANG_ENABLE_OBJC_ARC = YES;
				CLANG_ENABLE_OBJC_WEAK = YES;
				CLANG_WARN_BLOCK_CAPTURE_AUTORELEASING = YES;
				CLANG_WARN_BOOL_CONVERSION = YES;
				CLANG_WARN_COMMA = YES;
				CLANG_WARN_CONSTANT_CONVERSION = YES;
				CLANG_WARN_DEPRECATED_OBJC_IMPLEMENTATIONS = YES;
				CLANG_WARN_DIRECT_OBJC_ISA_USAGE = YES_ERROR;
				CLANG_WARN_DOCUMENTATION_COMMENTS = YES;
				CLANG_WARN_EMPTY_BODY = YES;
				CLANG_WARN_ENUM_CONVERSION = YES;
				CLANG_WARN_INFINITE_RECURSION = YES;
				CLANG_WARN_INT_CONVERSION = YES;
				CLANG_WARN_NON_LITERAL_NULL_CONVERSION = YES;
				CLANG_WARN_OBJC_IMPLICIT_RETAIN_SELF = YES;
				CLANG_WARN_OBJC_LITERAL_CONVERSION = YES;
				CLANG_WARN_OBJC_ROOT_CLASS = YES_ERROR;
				CLANG_WARN_QUOTED_INCLUDE_IN_FRAMEWORK_HEADER = YES;
				CLANG_WARN_RANGE_LOOP_ANALYSIS = YES;
				CLANG_WARN_STRICT_PROTOTYPES = YES;
				CLANG_WARN_SUSPICIOUS_MOVE = YES;
				CLANG_WARN_UNGUARDED_AVAILABILITY = YES_AGGRESSIVE;
				CLANG_WARN_UNREACHABLE_CODE = YES;
				CLANG_WARN__DUPLICATE_METHOD_MATCH = YES;
				COPY_PHASE_STRIP = NO;
				DEBUG_INFORMATION_FORMAT = "dwarf-with-dsym";
				ENABLE_NS_ASSERTIONS = NO;
				ENABLE_STRICT_OBJC_MSGSEND = YES;
				GCC_C_LANGUAGE_STANDARD = c99;
				GCC_NO_COMMON_BLOCKS = YES;
				GCC_PREFIX_HEADER = "$(WXROOT)/include/wx/wxprec.h";
				GCC_PREPROCESSOR_DEFINITIONS = "$(WX_PREPROCESSOR_DEFINITIONS)";
				GCC_WARN_64_TO_32_BIT_CONVERSION = YES;
				GCC_WARN_ABOUT_RETURN_TYPE = YES_ERROR;
				GCC_WARN_UNDECLARED_SELECTOR = YES;
				GCC_WARN_UNINITIALIZED_AUTOS = YES_AGGRESSIVE;
				GCC_WARN_UNUSED_FUNCTION = YES;
				GCC_WARN_UNUSED_VARIABLE = YES;
				HEADER_SEARCH_PATHS = (
					"$(WXROOT)/include",
					"$(WXROOT)/build/osx/setup/cocoa/include",
				);
				MACOSX_DEPLOYMENT_TARGET = 12.1;
				MTL_ENABLE_DEBUG_INFO = NO;
				MTL_FAST_MATH = YES;
				OTHER_LDFLAGS = (
					"$(OTHER_LDFLAGS)",
					"-lz",
				);
				SDKROOT = macosx;
				WXPLATFORM = "__WXOSX_$(WXTOOLKITUPPER)__";
				WXROOT = "/Applications/wxWidgets-3.1.5";
				WX_PREPROCESSOR_DEFINITIONS = "WXBUILDING $(WXPLATFORM) __WX__ _FILE_OFFSET_BITS=64 _LARGE_FILES MACOS_CLASSIC __WXMAC_XCODE__=1 SCI_LEXER NO_CXX11_REGEX WX_PRECOMP=1 wxUSE_UNICODE_UTF8=0 wxUSE_UNICODE_WCHAR=1";
			};
			name = Release;
		};
		52F8CD5C27D2CDC9005375C0 /* Debug */ = {
			isa = XCBuildConfiguration;
			baseConfigurationReference = 52F8CD5F27D2CE36005375C0 /* wxcocoa.xcconfig */;
			buildSettings = {
				CLANG_CXX_LANGUAGE_STANDARD = "compiler-default";
				CLANG_CXX_LIBRARY = "libstdc++";
				CODE_SIGN_STYLE = Automatic;
				DEVELOPMENT_TEAM = V3N3VGR839;
				ENABLE_HARDENED_RUNTIME = YES;
				GCC_C_LANGUAGE_STANDARD = gnu99;
				GCC_PREFIX_HEADER = "$(WXROOT)/include/wx/wxprec.h";
				GCC_PREPROCESSOR_DEFINITIONS = "$(WX_PREPROCESSOR_DEFINITIONS)";
				HEADER_SEARCH_PATHS = (
					"$(WXROOT)/build/osx/setup/cocoa/include",
					"$(WXROOT)/include",
				);
				INFOPLIST_FILE = "$(SRCROOT)/Info_cocoa.plist";
				OTHER_LDFLAGS = (
					"-framework",
					WebKit,
					"-framework",
					IOKit,
					"-framework",
					Carbon,
					"-framework",
					Cocoa,
					"-framework",
					AudioToolbox,
					"-framework",
					OpenGL,
					"-framework",
					AVFoundation,
					"-framework",
					CoreMedia,
					"-framework",
					Security,
					"-framework",
					QuartzCore,
					"-weak_framework",
					AVKit,
					"$(OTHER_LDFLAGS)",
					"-lz",
				);
				PRODUCT_NAME = "$(TARGET_NAME)";
				WXPLATFORM = "__WXOSX_$(WXTOOLKITUPPER)__";
				WXROOT = " /Applications/wxWidgets-3.1.5";
			};
			name = Debug;
		};
		52F8CD5D27D2CDC9005375C0 /* Release */ = {
			isa = XCBuildConfiguration;
			baseConfigurationReference = 52F8CD5F27D2CE36005375C0 /* wxcocoa.xcconfig */;
			buildSettings = {
				CLANG_CXX_LANGUAGE_STANDARD = "compiler-default";
				CLANG_CXX_LIBRARY = "libstdc++";
				CODE_SIGN_STYLE = Automatic;
				DEVELOPMENT_TEAM = V3N3VGR839;
				ENABLE_HARDENED_RUNTIME = YES;
				GCC_C_LANGUAGE_STANDARD = gnu99;
				GCC_PREFIX_HEADER = "$(WXROOT)/include/wx/wxprec.h";
				GCC_PREPROCESSOR_DEFINITIONS = "$(WX_PREPROCESSOR_DEFINITIONS)";
				HEADER_SEARCH_PATHS = (
					"$(WXROOT)/build/osx/setup/cocoa/include",
					"$(WXROOT)/include",
				);
				INFOPLIST_FILE = "$(SRCROOT)/Info_cocoa.plist";
				OTHER_LDFLAGS = (
					"-framework",
					WebKit,
					"-framework",
					IOKit,
					"-framework",
					Carbon,
					"-framework",
					Cocoa,
					"-framework",
					AudioToolbox,
					"-framework",
					OpenGL,
					"-framework",
					AVFoundation,
					"-framework",
					CoreMedia,
					"-framework",
					Security,
					"-framework",
					QuartzCore,
					"-weak_framework",
					AVKit,
					"$(OTHER_LDFLAGS)",
					"-lz",
				);
				PRODUCT_NAME = "$(TARGET_NAME)";
				WXPLATFORM = "__WXOSX_$(WXTOOLKITUPPER)__";
				WXROOT = " /Applications/wxWidgets-3.1.5";
			};
			name = Release;
		};
/* End XCBuildConfiguration section */

/* Begin XCConfigurationList section */
		52F8CD4F27D2CDC9005375C0 /* Build configuration list for PBXProject "Sight Reduction App" */ = {
			isa = XCConfigurationList;
			buildConfigurations = (
				52F8CD5927D2CDC9005375C0 /* Debug */,
				52F8CD5A27D2CDC9005375C0 /* Release */,
			);
			defaultConfigurationIsVisible = 0;
			defaultConfigurationName = Release;
		};
		52F8CD5B27D2CDC9005375C0 /* Build configuration list for PBXNativeTarget "Dynamic" */ = {
			isa = XCConfigurationList;
			buildConfigurations = (
				52F8CD5C27D2CDC9005375C0 /* Debug */,
				52F8CD5D27D2CDC9005375C0 /* Release */,
			);
			defaultConfigurationIsVisible = 0;
			defaultConfigurationName = Release;
		};
/* End XCConfigurationList section */
	};
	rootObject = 52F8CD4C27D2CDC9005375C0 /* Project object */;
}
