// !$*UTF8*$!
{
	archiveVersion = 1;
	classes = {
	};
	objectVersion = 55;
	objects = {

/* Begin PBXBuildFile section */
		5232ACF727D2BB06000EAC35 /* minimal.cpp in Sources */ = {isa = PBXBuildFile; fileRef = 5232ACF627D2BB06000EAC35 /* minimal.cpp */; };
		5232ACFC27D2BBF3000EAC35 /* libwx_osx_cocoa.dylib in Frameworks */ = {isa = PBXBuildFile; fileRef = 5232ACFB27D2BBF2000EAC35 /* libwx_osx_cocoa.dylib */; };
/* End PBXBuildFile section */

/* Begin PBXCopyFilesBuildPhase section */
		5232ACE627D2BAD2000EAC35 /* CopyFiles */ = {
			isa = PBXCopyFilesBuildPhase;
			buildActionMask = 2147483647;
			dstPath = /usr/share/man/man1/;
			dstSubfolderSpec = 0;
			files = (
			);
			runOnlyForDeploymentPostprocessing = 1;
		};
/* End PBXCopyFilesBuildPhase section */

/* Begin PBXFileReference section */
		5232ACE827D2BAD2000EAC35 /* Xcode */ = {isa = PBXFileReference; explicitFileType = "compiled.mach-o.executable"; includeInIndex = 0; path = Xcode; sourceTree = BUILT_PRODUCTS_DIR; };
		5232ACF227D2BAF1000EAC35 /* wxrelease.xcconfig */ = {isa = PBXFileReference; lastKnownFileType = text.xcconfig; path = wxrelease.xcconfig; sourceTree = "<group>"; };
		5232ACF327D2BAF1000EAC35 /* Info_cocoa.plist */ = {isa = PBXFileReference; lastKnownFileType = text.plist.xml; path = Info_cocoa.plist; sourceTree = "<group>"; };
		5232ACF427D2BAF1000EAC35 /* wxcocoa.xcconfig */ = {isa = PBXFileReference; lastKnownFileType = text.xcconfig; path = wxcocoa.xcconfig; sourceTree = "<group>"; };
		5232ACF527D2BAF1000EAC35 /* wxdebug.xcconfig */ = {isa = PBXFileReference; lastKnownFileType = text.xcconfig; path = wxdebug.xcconfig; sourceTree = "<group>"; };
		5232ACF627D2BB06000EAC35 /* minimal.cpp */ = {isa = PBXFileReference; fileEncoding = 4; lastKnownFileType = sourcecode.cpp.cpp; path = minimal.cpp; sourceTree = "<group>"; };
		5232ACF927D2BB81000EAC35 /* Users */ = {isa = PBXFileReference; lastKnownFileType = folder; name = Users; path = ../../../../..; sourceTree = "<group>"; };
		5232ACFB27D2BBF2000EAC35 /* libwx_osx_cocoa.dylib */ = {isa = PBXFileReference; lastKnownFileType = "compiled.mach-o.dylib"; name = libwx_osx_cocoa.dylib; path = "../../../../../../Applications/wxWidgets-3.1.5/build/osx/libwx_osx_cocoa.dylib"; sourceTree = "<group>"; };
/* End PBXFileReference section */

/* Begin PBXFrameworksBuildPhase section */
		5232ACE527D2BAD2000EAC35 /* Frameworks */ = {
			isa = PBXFrameworksBuildPhase;
			buildActionMask = 2147483647;
			files = (
				5232ACFC27D2BBF3000EAC35 /* libwx_osx_cocoa.dylib in Frameworks */,
			);
			runOnlyForDeploymentPostprocessing = 0;
		};
/* End PBXFrameworksBuildPhase section */

/* Begin PBXGroup section */
		5232ACDF27D2BAD2000EAC35 = {
			isa = PBXGroup;
			children = (
				5232ACF327D2BAF1000EAC35 /* Info_cocoa.plist */,
				5232ACF427D2BAF1000EAC35 /* wxcocoa.xcconfig */,
				5232ACF527D2BAF1000EAC35 /* wxdebug.xcconfig */,
				5232ACF227D2BAF1000EAC35 /* wxrelease.xcconfig */,
				5232ACEA27D2BAD2000EAC35 /* Xcode */,
				5232ACE927D2BAD2000EAC35 /* Products */,
				5232ACF827D2BB81000EAC35 /* Frameworks */,
			);
			sourceTree = "<group>";
		};
		5232ACE927D2BAD2000EAC35 /* Products */ = {
			isa = PBXGroup;
			children = (
				5232ACE827D2BAD2000EAC35 /* Xcode */,
			);
			name = Products;
			sourceTree = "<group>";
		};
		5232ACEA27D2BAD2000EAC35 /* Xcode */ = {
			isa = PBXGroup;
			children = (
				5232ACF627D2BB06000EAC35 /* minimal.cpp */,
			);
			path = Xcode;
			sourceTree = "<group>";
		};
		5232ACF827D2BB81000EAC35 /* Frameworks */ = {
			isa = PBXGroup;
			children = (
				5232ACFB27D2BBF2000EAC35 /* libwx_osx_cocoa.dylib */,
				5232ACF927D2BB81000EAC35 /* Users */,
			);
			name = Frameworks;
			sourceTree = "<group>";
		};
/* End PBXGroup section */

/* Begin PBXNativeTarget section */
		5232ACE727D2BAD2000EAC35 /* Xcode */ = {
			isa = PBXNativeTarget;
			buildConfigurationList = 5232ACEF27D2BAD2000EAC35 /* Build configuration list for PBXNativeTarget "Xcode" */;
			buildPhases = (
				5232ACE427D2BAD2000EAC35 /* Sources */,
				5232ACE527D2BAD2000EAC35 /* Frameworks */,
				5232ACE627D2BAD2000EAC35 /* CopyFiles */,
			);
			buildRules = (
			);
			dependencies = (
			);
			name = Xcode;
			productName = Xcode;
			productReference = 5232ACE827D2BAD2000EAC35 /* Xcode */;
			productType = "com.apple.product-type.tool";
		};
/* End PBXNativeTarget section */

/* Begin PBXProject section */
		5232ACE027D2BAD2000EAC35 /* Project object */ = {
			isa = PBXProject;
			attributes = {
				BuildIndependentTargetsInParallel = 1;
				LastUpgradeCheck = 1320;
				TargetAttributes = {
					5232ACE727D2BAD2000EAC35 = {
						CreatedOnToolsVersion = 13.2.1;
					};
				};
			};
			buildConfigurationList = 5232ACE327D2BAD2000EAC35 /* Build configuration list for PBXProject "Xcode" */;
			compatibilityVersion = "Xcode 13.0";
			developmentRegion = en;
			hasScannedForEncodings = 0;
			knownRegions = (
				en,
				Base,
			);
			mainGroup = 5232ACDF27D2BAD2000EAC35;
			productRefGroup = 5232ACE927D2BAD2000EAC35 /* Products */;
			projectDirPath = "";
			projectRoot = "";
			targets = (
				5232ACE727D2BAD2000EAC35 /* Xcode */,
			);
		};
/* End PBXProject section */

/* Begin PBXSourcesBuildPhase section */
		5232ACE427D2BAD2000EAC35 /* Sources */ = {
			isa = PBXSourcesBuildPhase;
			buildActionMask = 2147483647;
			files = (
				5232ACF727D2BB06000EAC35 /* minimal.cpp in Sources */,
			);
			runOnlyForDeploymentPostprocessing = 0;
		};
/* End PBXSourcesBuildPhase section */

/* Begin XCBuildConfiguration section */
		5232ACED27D2BAD2000EAC35 /* Debug */ = {
			isa = XCBuildConfiguration;
			baseConfigurationReference = 5232ACF527D2BAF1000EAC35 /* wxdebug.xcconfig */;
			buildSettings = {
				ALWAYS_SEARCH_USER_PATHS = NO;
				CLANG_ANALYZER_NONNULL = YES;
				CLANG_ANALYZER_NUMBER_OBJECT_CONVERSION = YES_AGGRESSIVE;
				CLANG_CXX_LANGUAGE_STANDARD = "gnu++17";
				CLANG_CXX_LIBRARY = "libc++";
				CLANG_ENABLE_MODULES = YES;
				CLANG_ENABLE_OBJC_ARC = YES;
				CLANG_ENABLE_OBJC_WEAK = YES;
				CLANG_WARN_BLOCK_CAPTURE_AUTORELEASING = YES;
				CLANG_WARN_BOOL_CONVERSION = YES;
				CLANG_WARN_COMMA = YES;
				CLANG_WARN_CONSTANT_CONVERSION = YES;
				CLANG_WARN_DEPRECATED_OBJC_IMPLEMENTATIONS = YES;
				CLANG_WARN_DIRECT_OBJC_ISA_USAGE = YES_ERROR;
				CLANG_WARN_DOCUMENTATION_COMMENTS = YES;
				CLANG_WARN_EMPTY_BODY = YES;
				CLANG_WARN_ENUM_CONVERSION = YES;
				CLANG_WARN_INFINITE_RECURSION = YES;
				CLANG_WARN_INT_CONVERSION = YES;
				CLANG_WARN_NON_LITERAL_NULL_CONVERSION = YES;
				CLANG_WARN_OBJC_IMPLICIT_RETAIN_SELF = YES;
				CLANG_WARN_OBJC_LITERAL_CONVERSION = YES;
				CLANG_WARN_OBJC_ROOT_CLASS = YES_ERROR;
				CLANG_WARN_QUOTED_INCLUDE_IN_FRAMEWORK_HEADER = YES;
				CLANG_WARN_RANGE_LOOP_ANALYSIS = YES;
				CLANG_WARN_STRICT_PROTOTYPES = YES;
				CLANG_WARN_SUSPICIOUS_MOVE = YES;
				CLANG_WARN_UNGUARDED_AVAILABILITY = YES_AGGRESSIVE;
				CLANG_WARN_UNREACHABLE_CODE = YES;
				CLANG_WARN__DUPLICATE_METHOD_MATCH = YES;
				COPY_PHASE_STRIP = NO;
				DEBUG_INFORMATION_FORMAT = dwarf;
				ENABLE_STRICT_OBJC_MSGSEND = YES;
				ENABLE_TESTABILITY = YES;
				GCC_C_LANGUAGE_STANDARD = gnu11;
				GCC_DYNAMIC_NO_PIC = NO;
				GCC_NO_COMMON_BLOCKS = YES;
				GCC_OPTIMIZATION_LEVEL = 0;
				GCC_PREPROCESSOR_DEFINITIONS = (
					"DEBUG=1",
					"$(inherited)",
				);
				GCC_WARN_64_TO_32_BIT_CONVERSION = YES;
				GCC_WARN_ABOUT_RETURN_TYPE = YES_ERROR;
				GCC_WARN_UNDECLARED_SELECTOR = YES;
				GCC_WARN_UNINITIALIZED_AUTOS = YES_AGGRESSIVE;
				GCC_WARN_UNUSED_FUNCTION = YES;
				GCC_WARN_UNUSED_VARIABLE = YES;
				MACOSX_DEPLOYMENT_TARGET = 12.1;
				MTL_ENABLE_DEBUG_INFO = INCLUDE_SOURCE;
				MTL_FAST_MATH = YES;
				ONLY_ACTIVE_ARCH = YES;
				SDKROOT = macosx;
			};
			name = Debug;
		};
		5232ACEE27D2BAD2000EAC35 /* Release */ = {
			isa = XCBuildConfiguration;
			baseConfigurationReference = 5232ACF227D2BAF1000EAC35 /* wxrelease.xcconfig */;
			buildSettings = {
				ALWAYS_SEARCH_USER_PATHS = NO;
				CLANG_ANALYZER_NONNULL = YES;
				CLANG_ANALYZER_NUMBER_OBJECT_CONVERSION = YES_AGGRESSIVE;
				CLANG_CXX_LANGUAGE_STANDARD = "gnu++17";
				CLANG_CXX_LIBRARY = "libc++";
				CLANG_ENABLE_MODULES = YES;
				CLANG_ENABLE_OBJC_ARC = YES;
				CLANG_ENABLE_OBJC_WEAK = YES;
				CLANG_WARN_BLOCK_CAPTURE_AUTORELEASING = YES;
				CLANG_WARN_BOOL_CONVERSION = YES;
				CLANG_WARN_COMMA = YES;
				CLANG_WARN_CONSTANT_CONVERSION = YES;
				CLANG_WARN_DEPRECATED_OBJC_IMPLEMENTATIONS = YES;
				CLANG_WARN_DIRECT_OBJC_ISA_USAGE = YES_ERROR;
				CLANG_WARN_DOCUMENTATION_COMMENTS = YES;
				CLANG_WARN_EMPTY_BODY = YES;
				CLANG_WARN_ENUM_CONVERSION = YES;
				CLANG_WARN_INFINITE_RECURSION = YES;
				CLANG_WARN_INT_CONVERSION = YES;
				CLANG_WARN_NON_LITERAL_NULL_CONVERSION = YES;
				CLANG_WARN_OBJC_IMPLICIT_RETAIN_SELF = YES;
				CLANG_WARN_OBJC_LITERAL_CONVERSION = YES;
				CLANG_WARN_OBJC_ROOT_CLASS = YES_ERROR;
				CLANG_WARN_QUOTED_INCLUDE_IN_FRAMEWORK_HEADER = YES;
				CLANG_WARN_RANGE_LOOP_ANALYSIS = YES;
				CLANG_WARN_STRICT_PROTOTYPES = YES;
				CLANG_WARN_SUSPICIOUS_MOVE = YES;
				CLANG_WARN_UNGUARDED_AVAILABILITY = YES_AGGRESSIVE;
				CLANG_WARN_UNREACHABLE_CODE = YES;
				CLANG_WARN__DUPLICATE_METHOD_MATCH = YES;
				COPY_PHASE_STRIP = NO;
				DEBUG_INFORMATION_FORMAT = "dwarf-with-dsym";
				ENABLE_NS_ASSERTIONS = NO;
				ENABLE_STRICT_OBJC_MSGSEND = YES;
				GCC_C_LANGUAGE_STANDARD = gnu11;
				GCC_NO_COMMON_BLOCKS = YES;
				GCC_WARN_64_TO_32_BIT_CONVERSION = YES;
				GCC_WARN_ABOUT_RETURN_TYPE = YES_ERROR;
				GCC_WARN_UNDECLARED_SELECTOR = YES;
				GCC_WARN_UNINITIALIZED_AUTOS = YES_AGGRESSIVE;
				GCC_WARN_UNUSED_FUNCTION = YES;
				GCC_WARN_UNUSED_VARIABLE = YES;
				MACOSX_DEPLOYMENT_TARGET = 12.1;
				MTL_ENABLE_DEBUG_INFO = NO;
				MTL_FAST_MATH = YES;
				SDKROOT = macosx;
			};
			name = Release;
		};
		5232ACF027D2BAD2000EAC35 /* Debug */ = {
			isa = XCBuildConfiguration;
			baseConfigurationReference = 5232ACF427D2BAF1000EAC35 /* wxcocoa.xcconfig */;
			buildSettings = {
				CODE_SIGN_STYLE = Automatic;
				PRODUCT_NAME = "$(TARGET_NAME)";
			};
			name = Debug;
		};
		5232ACF127D2BAD2000EAC35 /* Release */ = {
			isa = XCBuildConfiguration;
			baseConfigurationReference = 5232ACF427D2BAF1000EAC35 /* wxcocoa.xcconfig */;
			buildSettings = {
				CODE_SIGN_STYLE = Automatic;
				PRODUCT_NAME = "$(TARGET_NAME)";
			};
			name = Release;
		};
/* End XCBuildConfiguration section */

/* Begin XCConfigurationList section */
		5232ACE327D2BAD2000EAC35 /* Build configuration list for PBXProject "Xcode" */ = {
			isa = XCConfigurationList;
			buildConfigurations = (
				5232ACED27D2BAD2000EAC35 /* Debug */,
				5232ACEE27D2BAD2000EAC35 /* Release */,
			);
			defaultConfigurationIsVisible = 0;
			defaultConfigurationName = Release;
		};
		5232ACEF27D2BAD2000EAC35 /* Build configuration list for PBXNativeTarget "Xcode" */ = {
			isa = XCConfigurationList;
			buildConfigurations = (
				5232ACF027D2BAD2000EAC35 /* Debug */,
				5232ACF127D2BAD2000EAC35 /* Release */,
			);
			defaultConfigurationIsVisible = 0;
			defaultConfigurationName = Release;
		};
/* End XCConfigurationList section */
	};
	rootObject = 5232ACE027D2BAD2000EAC35 /* Project object */;
}
